
Microsoft Visual Studio Solution File, Format Version 12.00
# Visual Studio Version 16
VisualStudioVersion = 16.0.29326.143
MinimumVisualStudioVersion = 15.0.26124.0
Project("{9A19103F-16F7-4668-BE54-9A1E7A4F7556}") = "Assignment6", "Assignment6\Assignment6.csproj", "{4C7EC39E-FDB6-4D15-89DF-15AB0BADF554}"
EndProject
Project("{FAE04EC0-301F-11D3-BF4B-00C04F79EFBC}") = "Assignment6.Tests", "Assignment6.Tests\Assignment6.Tests.csproj", "{EC530788-0E7F-40C8-BC8B-2CBA12B9051A}"
EndProject
Global
	GlobalSection(SolutionConfigurationPlatforms) = preSolution
		Debug|Any CPU = Debug|Any CPU
		Debug|x64 = Debug|x64
		Debug|x86 = Debug|x86
		Release|Any CPU = Release|Any CPU
		Release|x64 = Release|x64
		Release|x86 = Release|x86
	EndGlobalSection
	GlobalSection(ProjectConfigurationPlatforms) = postSolution
		{4C7EC39E-FDB6-4D15-89DF-15AB0BADF554}.Debug|Any CPU.ActiveCfg = Debug|Any CPU
		{4C7EC39E-FDB6-4D15-89DF-15AB0BADF554}.Debug|Any CPU.Build.0 = Debug|Any CPU
		{4C7EC39E-FDB6-4D15-89DF-15AB0BADF554}.Debug|x64.ActiveCfg = Debug|Any CPU
		{4C7EC39E-FDB6-4D15-89DF-15AB0BADF554}.Debug|x64.Build.0 = Debug|Any CPU
		{4C7EC39E-FDB6-4D15-89DF-15AB0BADF554}.Debug|x86.ActiveCfg = Debug|Any CPU
		{4C7EC39E-FDB6-4D15-89DF-15AB0BADF554}.Debug|x86.Build.0 = Debug|Any CPU
		{4C7EC39E-FDB6-4D15-89DF-15AB0BADF554}.Release|Any CPU.ActiveCfg = Release|Any CPU
		{4C7EC39E-FDB6-4D15-89DF-15AB0BADF554}.Release|Any CPU.Build.0 = Release|Any CPU
		{4C7EC39E-FDB6-4D15-89DF-15AB0BADF554}.Release|x64.ActiveCfg = Release|Any CPU
		{4C7EC39E-FDB6-4D15-89DF-15AB0BADF554}.Release|x64.Build.0 = Release|Any CPU
		{4C7EC39E-FDB6-4D15-89DF-15AB0BADF554}.Release|x86.ActiveCfg = Release|Any CPU
		{4C7EC39E-FDB6-4D15-89DF-15AB0BADF554}.Release|x86.Build.0 = Release|Any CPU
		{EC530788-0E7F-40C8-BC8B-2CBA12B9051A}.Debug|Any CPU.ActiveCfg = Debug|Any CPU
		{EC530788-0E7F-40C8-BC8B-2CBA12B9051A}.Debug|Any CPU.Build.0 = Debug|Any CPU
		{EC530788-0E7F-40C8-BC8B-2CBA12B9051A}.Debug|x64.ActiveCfg = Debug|Any CPU
		{EC530788-0E7F-40C8-BC8B-2CBA12B9051A}.Debug|x64.Build.0 = Debug|Any CPU
		{EC530788-0E7F-40C8-BC8B-2CBA12B9051A}.Debug|x86.ActiveCfg = Debug|Any CPU
		{EC530788-0E7F-40C8-BC8B-2CBA12B9051A}.Debug|x86.Build.0 = Debug|Any CPU
		{EC530788-0E7F-40C8-BC8B-2CBA12B9051A}.Release|Any CPU.ActiveCfg = Release|Any CPU
		{EC530788-0E7F-40C8-BC8B-2CBA12B9051A}.Release|Any CPU.Build.0 = Release|Any CPU
		{EC530788-0E7F-40C8-BC8B-2CBA12B9051A}.Release|x64.ActiveCfg = Release|Any CPU
		{EC530788-0E7F-40C8-BC8B-2CBA12B9051A}.Release|x64.Build.0 = Release|Any CPU
		{EC530788-0E7F-40C8-BC8B-2CBA12B9051A}.Release|x86.ActiveCfg = Release|Any CPU
		{EC530788-0E7F-40C8-BC8B-2CBA12B9051A}.Release|x86.Build.0 = Release|Any CPU
	EndGlobalSection
	GlobalSection(SolutionProperties) = preSolution
		HideSolutionNode = FALSE
	EndGlobalSection
	GlobalSection(ExtensibilityGlobals) = postSolution
		SolutionGuid = {A61DE6A5-4A71-4A9A-90F4-3206687C693F}
	EndGlobalSection
EndGlobal
